
Microsoft Visual Studio Solution File, Format Version 12.00
# Visual Studio Version 16
VisualStudioVersion = 16.0.30114.105
MinimumVisualStudioVersion = 10.0.40219.1
Project("{FAE04EC0-301F-11D3-BF4B-00C04F79EFBC}") = "PresentacionCredito", "PresentacionCredito\PresentacionCredito.csproj", "{6E952D6E-39E7-4ED9-9AA4-CC21C1B32BDE}"
EndProject
Project("{FAE04EC0-301F-11D3-BF4B-00C04F79EFBC}") = "Entidad", "Entidad\Entidad.csproj", "{F978DEF7-5E07-4A40-AF35-233A06591A11}"
EndProject
Project("{FAE04EC0-301F-11D3-BF4B-00C04F79EFBC}") = "Logica", "Logica\Logica.csproj", "{C94F589C-4C30-4324-B5FB-504A322AE956}"
EndProject
Project("{FAE04EC0-301F-11D3-BF4B-00C04F79EFBC}") = "Datos", "Datos\Datos.csproj", "{044ABF72-5121-4D53-9D6C-4019FAFD0E2B}"
EndProject
Global
	GlobalSection(SolutionConfigurationPlatforms) = preSolution
		Debug|Any CPU = Debug|Any CPU
		Debug|x64 = Debug|x64
		Debug|x86 = Debug|x86
		Release|Any CPU = Release|Any CPU
		Release|x64 = Release|x64
		Release|x86 = Release|x86
	EndGlobalSection
	GlobalSection(SolutionProperties) = preSolution
		HideSolutionNode = FALSE
	EndGlobalSection
	GlobalSection(ProjectConfigurationPlatforms) = postSolution
		{6E952D6E-39E7-4ED9-9AA4-CC21C1B32BDE}.Debug|Any CPU.ActiveCfg = Debug|Any CPU
		{6E952D6E-39E7-4ED9-9AA4-CC21C1B32BDE}.Debug|Any CPU.Build.0 = Debug|Any CPU
		{6E952D6E-39E7-4ED9-9AA4-CC21C1B32BDE}.Debug|x64.ActiveCfg = Debug|Any CPU
		{6E952D6E-39E7-4ED9-9AA4-CC21C1B32BDE}.Debug|x64.Build.0 = Debug|Any CPU
		{6E952D6E-39E7-4ED9-9AA4-CC21C1B32BDE}.Debug|x86.ActiveCfg = Debug|Any CPU
		{6E952D6E-39E7-4ED9-9AA4-CC21C1B32BDE}.Debug|x86.Build.0 = Debug|Any CPU
		{6E952D6E-39E7-4ED9-9AA4-CC21C1B32BDE}.Release|Any CPU.ActiveCfg = Release|Any CPU
		{6E952D6E-39E7-4ED9-9AA4-CC21C1B32BDE}.Release|Any CPU.Build.0 = Release|Any CPU
		{6E952D6E-39E7-4ED9-9AA4-CC21C1B32BDE}.Release|x64.ActiveCfg = Release|Any CPU
		{6E952D6E-39E7-4ED9-9AA4-CC21C1B32BDE}.Release|x64.Build.0 = Release|Any CPU
		{6E952D6E-39E7-4ED9-9AA4-CC21C1B32BDE}.Release|x86.ActiveCfg = Release|Any CPU
		{6E952D6E-39E7-4ED9-9AA4-CC21C1B32BDE}.Release|x86.Build.0 = Release|Any CPU
		{F978DEF7-5E07-4A40-AF35-233A06591A11}.Debug|Any CPU.ActiveCfg = Debug|Any CPU
		{F978DEF7-5E07-4A40-AF35-233A06591A11}.Debug|Any CPU.Build.0 = Debug|Any CPU
		{F978DEF7-5E07-4A40-AF35-233A06591A11}.Debug|x64.ActiveCfg = Debug|Any CPU
		{F978DEF7-5E07-4A40-AF35-233A06591A11}.Debug|x64.Build.0 = Debug|Any CPU
		{F978DEF7-5E07-4A40-AF35-233A06591A11}.Debug|x86.ActiveCfg = Debug|Any CPU
		{F978DEF7-5E07-4A40-AF35-233A06591A11}.Debug|x86.Build.0 = Debug|Any CPU
		{F978DEF7-5E07-4A40-AF35-233A06591A11}.Release|Any CPU.ActiveCfg = Release|Any CPU
		{F978DEF7-5E07-4A40-AF35-233A06591A11}.Release|Any CPU.Build.0 = Release|Any CPU
		{F978DEF7-5E07-4A40-AF35-233A06591A11}.Release|x64.ActiveCfg = Release|Any CPU
		{F978DEF7-5E07-4A40-AF35-233A06591A11}.Release|x64.Build.0 = Release|Any CPU
		{F978DEF7-5E07-4A40-AF35-233A06591A11}.Release|x86.ActiveCfg = Release|Any CPU
		{F978DEF7-5E07-4A40-AF35-233A06591A11}.Release|x86.Build.0 = Release|Any CPU
		{C94F589C-4C30-4324-B5FB-504A322AE956}.Debug|Any CPU.ActiveCfg = Debug|Any CPU
		{C94F589C-4C30-4324-B5FB-504A322AE956}.Debug|Any CPU.Build.0 = Debug|Any CPU
		{C94F589C-4C30-4324-B5FB-504A322AE956}.Debug|x64.ActiveCfg = Debug|Any CPU
		{C94F589C-4C30-4324-B5FB-504A322AE956}.Debug|x64.Build.0 = Debug|Any CPU
		{C94F589C-4C30-4324-B5FB-504A322AE956}.Debug|x86.ActiveCfg = Debug|Any CPU
		{C94F589C-4C30-4324-B5FB-504A322AE956}.Debug|x86.Build.0 = Debug|Any CPU
		{C94F589C-4C30-4324-B5FB-504A322AE956}.Release|Any CPU.ActiveCfg = Release|Any CPU
		{C94F589C-4C30-4324-B5FB-504A322AE956}.Release|Any CPU.Build.0 = Release|Any CPU
		{C94F589C-4C30-4324-B5FB-504A322AE956}.Release|x64.ActiveCfg = Release|Any CPU
		{C94F589C-4C30-4324-B5FB-504A322AE956}.Release|x64.Build.0 = Release|Any CPU
		{C94F589C-4C30-4324-B5FB-504A322AE956}.Release|x86.ActiveCfg = Release|Any CPU
		{C94F589C-4C30-4324-B5FB-504A322AE956}.Release|x86.Build.0 = Release|Any CPU
		{044ABF72-5121-4D53-9D6C-4019FAFD0E2B}.Debug|Any CPU.ActiveCfg = Debug|Any CPU
		{044ABF72-5121-4D53-9D6C-4019FAFD0E2B}.Debug|Any CPU.Build.0 = Debug|Any CPU
		{044ABF72-5121-4D53-9D6C-4019FAFD0E2B}.Debug|x64.ActiveCfg = Debug|Any CPU
		{044ABF72-5121-4D53-9D6C-4019FAFD0E2B}.Debug|x64.Build.0 = Debug|Any CPU
		{044ABF72-5121-4D53-9D6C-4019FAFD0E2B}.Debug|x86.ActiveCfg = Debug|Any CPU
		{044ABF72-5121-4D53-9D6C-4019FAFD0E2B}.Debug|x86.Build.0 = Debug|Any CPU
		{044ABF72-5121-4D53-9D6C-4019FAFD0E2B}.Release|Any CPU.ActiveCfg = Release|Any CPU
		{044ABF72-5121-4D53-9D6C-4019FAFD0E2B}.Release|Any CPU.Build.0 = Release|Any CPU
		{044ABF72-5121-4D53-9D6C-4019FAFD0E2B}.Release|x64.ActiveCfg = Release|Any CPU
		{044ABF72-5121-4D53-9D6C-4019FAFD0E2B}.Release|x64.Build.0 = Release|Any CPU
		{044ABF72-5121-4D53-9D6C-4019FAFD0E2B}.Release|x86.ActiveCfg = Release|Any CPU
		{044ABF72-5121-4D53-9D6C-4019FAFD0E2B}.Release|x86.Build.0 = Release|Any CPU
	EndGlobalSection
EndGlobal
